
Microsoft Visual Studio Solution File, Format Version 12.00
# Visual Studio Version 17
VisualStudioVersion = 17.9.34607.119
MinimumVisualStudioVersion = 10.0.40219.1
Project("{FAE04EC0-301F-11D3-BF4B-00C04F79EFBC}") = "ClassStatic", "ClassStatic\ClassStatic.csproj", "{CAA12DC4-DFF7-4319-BF9D-DD3591144B59}"
EndProject
Global
	GlobalSection(SolutionConfigurationPlatforms) = preSolution
		Debug|Any CPU = Debug|Any CPU
		Release|Any CPU = Release|Any CPU
	EndGlobalSection
	GlobalSection(ProjectConfigurationPlatforms) = postSolution
		{CAA12DC4-DFF7-4319-BF9D-DD3591144B59}.Debug|Any CPU.ActiveCfg = Debug|Any CPU
		{CAA12DC4-DFF7-4319-BF9D-DD3591144B59}.Debug|Any CPU.Build.0 = Debug|Any CPU
		{CAA12DC4-DFF7-4319-BF9D-DD3591144B59}.Release|Any CPU.ActiveCfg = Release|Any CPU
		{CAA12DC4-DFF7-4319-BF9D-DD3591144B59}.Release|Any CPU.Build.0 = Release|Any CPU
	EndGlobalSection
	GlobalSection(SolutionProperties) = preSolution
		HideSolutionNode = FALSE
	EndGlobalSection
	GlobalSection(ExtensibilityGlobals) = postSolution
		SolutionGuid = {748CDC7E-A5DB-4A0B-B2CF-6D93B54AE315}
	EndGlobalSection
EndGlobal
