
Microsoft Visual Studio Solution File, Format Version 12.00
# Visual Studio Version 17
VisualStudioVersion = 17.8.34511.84
MinimumVisualStudioVersion = 10.0.40219.1
Project("{FAE04EC0-301F-11D3-BF4B-00C04F79EFBC}") = "ArchitecArithmetic", "ArchitecArithmetic\ArchitecArithmetic.csproj", "{9EB70263-C2E4-45A8-99D0-7E5D1DE762B7}"
EndProject
Global
	GlobalSection(SolutionConfigurationPlatforms) = preSolution
		Debug|Any CPU = Debug|Any CPU
		Release|Any CPU = Release|Any CPU
	EndGlobalSection
	GlobalSection(ProjectConfigurationPlatforms) = postSolution
		{9EB70263-C2E4-45A8-99D0-7E5D1DE762B7}.Debug|Any CPU.ActiveCfg = Debug|Any CPU
		{9EB70263-C2E4-45A8-99D0-7E5D1DE762B7}.Debug|Any CPU.Build.0 = Debug|Any CPU
		{9EB70263-C2E4-45A8-99D0-7E5D1DE762B7}.Release|Any CPU.ActiveCfg = Release|Any CPU
		{9EB70263-C2E4-45A8-99D0-7E5D1DE762B7}.Release|Any CPU.Build.0 = Release|Any CPU
	EndGlobalSection
	GlobalSection(SolutionProperties) = preSolution
		HideSolutionNode = FALSE
	EndGlobalSection
	GlobalSection(ExtensibilityGlobals) = postSolution
		SolutionGuid = {1B670C93-6498-4257-B056-22AF167DCFEF}
	EndGlobalSection
EndGlobal
